
Microsoft Visual Studio Solution File, Format Version 12.00
# Visual Studio Version 17
VisualStudioVersion = 17.7.34031.279
MinimumVisualStudioVersion = 10.0.40219.1
Project("{9A19103F-16F7-4668-BE54-9A1E7A4F7556}") = "CSX.Toolkits.WpfExtensions", "CSX.Toolkits.WpfExtensions\CSX.Toolkits.WpfExtensions.csproj", "{96AA94F4-5AD6-4B2B-80C7-62943FCFEBCC}"
EndProject
Project("{9A19103F-16F7-4668-BE54-9A1E7A4F7556}") = "ExtensionsTester", "ExtensionsTester\ExtensionsTester.csproj", "{AFEFD0EA-3D96-45CD-94ED-65F063DEE63A}"
EndProject
Global
	GlobalSection(SolutionConfigurationPlatforms) = preSolution
		Debug|Any CPU = Debug|Any CPU
		Release|Any CPU = Release|Any CPU
	EndGlobalSection
	GlobalSection(ProjectConfigurationPlatforms) = postSolution
		{96AA94F4-5AD6-4B2B-80C7-62943FCFEBCC}.Debug|Any CPU.ActiveCfg = Debug|Any CPU
		{96AA94F4-5AD6-4B2B-80C7-62943FCFEBCC}.Debug|Any CPU.Build.0 = Debug|Any CPU
		{96AA94F4-5AD6-4B2B-80C7-62943FCFEBCC}.Release|Any CPU.ActiveCfg = Release|Any CPU
		{96AA94F4-5AD6-4B2B-80C7-62943FCFEBCC}.Release|Any CPU.Build.0 = Release|Any CPU
		{AFEFD0EA-3D96-45CD-94ED-65F063DEE63A}.Debug|Any CPU.ActiveCfg = Debug|Any CPU
		{AFEFD0EA-3D96-45CD-94ED-65F063DEE63A}.Debug|Any CPU.Build.0 = Debug|Any CPU
		{AFEFD0EA-3D96-45CD-94ED-65F063DEE63A}.Release|Any CPU.ActiveCfg = Release|Any CPU
		{AFEFD0EA-3D96-45CD-94ED-65F063DEE63A}.Release|Any CPU.Build.0 = Release|Any CPU
	EndGlobalSection
	GlobalSection(SolutionProperties) = preSolution
		HideSolutionNode = FALSE
	EndGlobalSection
	GlobalSection(ExtensibilityGlobals) = postSolution
		SolutionGuid = {35FF2B24-472C-40FE-A9E2-46E7D7EBF6FF}
	EndGlobalSection
EndGlobal
